
Microsoft Visual Studio Solution File, Format Version 12.00
# Visual Studio Version 16
VisualStudioVersion = 16.0.29418.71
MinimumVisualStudioVersion = 10.0.40219.1
Project("{FAE04EC0-301F-11D3-BF4B-00C04F79EFBC}") = "App27.Android", "App27\App27.Android\App27.Android.csproj", "{137CB832-A785-4CFB-A02C-7733CB9FD032}"
EndProject
Project("{FAE04EC0-301F-11D3-BF4B-00C04F79EFBC}") = "App27.iOS", "App27\App27.iOS\App27.iOS.csproj", "{35987CD0-E0DA-4B0F-BEA6-6A8D3016B6EB}"
EndProject
Project("{FAE04EC0-301F-11D3-BF4B-00C04F79EFBC}") = "App27", "App27\App27\App27.csproj", "{F77B1A82-8C3A-4B1E-96FA-559C82561F3A}"
EndProject
Global
	GlobalSection(SolutionConfigurationPlatforms) = preSolution
		Debug|Any CPU = Debug|Any CPU
		Debug|iPhone = Debug|iPhone
		Debug|iPhoneSimulator = Debug|iPhoneSimulator
		Release|Any CPU = Release|Any CPU
		Release|iPhone = Release|iPhone
		Release|iPhoneSimulator = Release|iPhoneSimulator
	EndGlobalSection
	GlobalSection(ProjectConfigurationPlatforms) = postSolution
		{137CB832-A785-4CFB-A02C-7733CB9FD032}.Debug|Any CPU.ActiveCfg = Debug|Any CPU
		{137CB832-A785-4CFB-A02C-7733CB9FD032}.Debug|Any CPU.Build.0 = Debug|Any CPU
		{137CB832-A785-4CFB-A02C-7733CB9FD032}.Debug|Any CPU.Deploy.0 = Debug|Any CPU
		{137CB832-A785-4CFB-A02C-7733CB9FD032}.Debug|iPhone.ActiveCfg = Debug|Any CPU
		{137CB832-A785-4CFB-A02C-7733CB9FD032}.Debug|iPhone.Build.0 = Debug|Any CPU
		{137CB832-A785-4CFB-A02C-7733CB9FD032}.Debug|iPhone.Deploy.0 = Debug|Any CPU
		{137CB832-A785-4CFB-A02C-7733CB9FD032}.Debug|iPhoneSimulator.ActiveCfg = Debug|Any CPU
		{137CB832-A785-4CFB-A02C-7733CB9FD032}.Debug|iPhoneSimulator.Build.0 = Debug|Any CPU
		{137CB832-A785-4CFB-A02C-7733CB9FD032}.Debug|iPhoneSimulator.Deploy.0 = Debug|Any CPU
		{137CB832-A785-4CFB-A02C-7733CB9FD032}.Release|Any CPU.ActiveCfg = Release|Any CPU
		{137CB832-A785-4CFB-A02C-7733CB9FD032}.Release|Any CPU.Build.0 = Release|Any CPU
		{137CB832-A785-4CFB-A02C-7733CB9FD032}.Release|Any CPU.Deploy.0 = Release|Any CPU
		{137CB832-A785-4CFB-A02C-7733CB9FD032}.Release|iPhone.ActiveCfg = Release|Any CPU
		{137CB832-A785-4CFB-A02C-7733CB9FD032}.Release|iPhone.Build.0 = Release|Any CPU
		{137CB832-A785-4CFB-A02C-7733CB9FD032}.Release|iPhone.Deploy.0 = Release|Any CPU
		{137CB832-A785-4CFB-A02C-7733CB9FD032}.Release|iPhoneSimulator.ActiveCfg = Release|Any CPU
		{137CB832-A785-4CFB-A02C-7733CB9FD032}.Release|iPhoneSimulator.Build.0 = Release|Any CPU
		{137CB832-A785-4CFB-A02C-7733CB9FD032}.Release|iPhoneSimulator.Deploy.0 = Release|Any CPU
		{35987CD0-E0DA-4B0F-BEA6-6A8D3016B6EB}.Debug|Any CPU.ActiveCfg = Debug|iPhoneSimulator
		{35987CD0-E0DA-4B0F-BEA6-6A8D3016B6EB}.Debug|Any CPU.Build.0 = Debug|iPhoneSimulator
		{35987CD0-E0DA-4B0F-BEA6-6A8D3016B6EB}.Debug|Any CPU.Deploy.0 = Debug|iPhoneSimulator
		{35987CD0-E0DA-4B0F-BEA6-6A8D3016B6EB}.Debug|iPhone.ActiveCfg = Debug|iPhone
		{35987CD0-E0DA-4B0F-BEA6-6A8D3016B6EB}.Debug|iPhone.Build.0 = Debug|iPhone
		{35987CD0-E0DA-4B0F-BEA6-6A8D3016B6EB}.Debug|iPhone.Deploy.0 = Debug|iPhone
		{35987CD0-E0DA-4B0F-BEA6-6A8D3016B6EB}.Debug|iPhoneSimulator.ActiveCfg = Debug|iPhoneSimulator
		{35987CD0-E0DA-4B0F-BEA6-6A8D3016B6EB}.Debug|iPhoneSimulator.Build.0 = Debug|iPhoneSimulator
		{35987CD0-E0DA-4B0F-BEA6-6A8D3016B6EB}.Debug|iPhoneSimulator.Deploy.0 = Debug|iPhoneSimulator
		{35987CD0-E0DA-4B0F-BEA6-6A8D3016B6EB}.Release|Any CPU.ActiveCfg = Release|iPhone
		{35987CD0-E0DA-4B0F-BEA6-6A8D3016B6EB}.Release|Any CPU.Build.0 = Release|iPhone
		{35987CD0-E0DA-4B0F-BEA6-6A8D3016B6EB}.Release|Any CPU.Deploy.0 = Release|iPhone
		{35987CD0-E0DA-4B0F-BEA6-6A8D3016B6EB}.Release|iPhone.ActiveCfg = Release|iPhone
		{35987CD0-E0DA-4B0F-BEA6-6A8D3016B6EB}.Release|iPhone.Build.0 = Release|iPhone
		{35987CD0-E0DA-4B0F-BEA6-6A8D3016B6EB}.Release|iPhone.Deploy.0 = Release|iPhone
		{35987CD0-E0DA-4B0F-BEA6-6A8D3016B6EB}.Release|iPhoneSimulator.ActiveCfg = Release|iPhoneSimulator
		{35987CD0-E0DA-4B0F-BEA6-6A8D3016B6EB}.Release|iPhoneSimulator.Build.0 = Release|iPhoneSimulator
		{35987CD0-E0DA-4B0F-BEA6-6A8D3016B6EB}.Release|iPhoneSimulator.Deploy.0 = Release|iPhoneSimulator
		{F77B1A82-8C3A-4B1E-96FA-559C82561F3A}.Debug|Any CPU.ActiveCfg = Debug|Any CPU
		{F77B1A82-8C3A-4B1E-96FA-559C82561F3A}.Debug|Any CPU.Build.0 = Debug|Any CPU
		{F77B1A82-8C3A-4B1E-96FA-559C82561F3A}.Debug|Any CPU.Deploy.0 = Debug|Any CPU
		{F77B1A82-8C3A-4B1E-96FA-559C82561F3A}.Debug|iPhone.ActiveCfg = Debug|Any CPU
		{F77B1A82-8C3A-4B1E-96FA-559C82561F3A}.Debug|iPhone.Build.0 = Debug|Any CPU
		{F77B1A82-8C3A-4B1E-96FA-559C82561F3A}.Debug|iPhone.Deploy.0 = Debug|Any CPU
		{F77B1A82-8C3A-4B1E-96FA-559C82561F3A}.Debug|iPhoneSimulator.ActiveCfg = Debug|Any CPU
		{F77B1A82-8C3A-4B1E-96FA-559C82561F3A}.Debug|iPhoneSimulator.Build.0 = Debug|Any CPU
		{F77B1A82-8C3A-4B1E-96FA-559C82561F3A}.Debug|iPhoneSimulator.Deploy.0 = Debug|Any CPU
		{F77B1A82-8C3A-4B1E-96FA-559C82561F3A}.Release|Any CPU.ActiveCfg = Release|Any CPU
		{F77B1A82-8C3A-4B1E-96FA-559C82561F3A}.Release|Any CPU.Build.0 = Release|Any CPU
		{F77B1A82-8C3A-4B1E-96FA-559C82561F3A}.Release|Any CPU.Deploy.0 = Release|Any CPU
		{F77B1A82-8C3A-4B1E-96FA-559C82561F3A}.Release|iPhone.ActiveCfg = Release|Any CPU
		{F77B1A82-8C3A-4B1E-96FA-559C82561F3A}.Release|iPhone.Build.0 = Release|Any CPU
		{F77B1A82-8C3A-4B1E-96FA-559C82561F3A}.Release|iPhone.Deploy.0 = Release|Any CPU
		{F77B1A82-8C3A-4B1E-96FA-559C82561F3A}.Release|iPhoneSimulator.ActiveCfg = Release|Any CPU
		{F77B1A82-8C3A-4B1E-96FA-559C82561F3A}.Release|iPhoneSimulator.Build.0 = Release|Any CPU
		{F77B1A82-8C3A-4B1E-96FA-559C82561F3A}.Release|iPhoneSimulator.Deploy.0 = Release|Any CPU
	EndGlobalSection
	GlobalSection(SolutionProperties) = preSolution
		HideSolutionNode = FALSE
	EndGlobalSection
	GlobalSection(ExtensibilityGlobals) = postSolution
		SolutionGuid = {EB9342AC-5641-4542-94B1-9CBDD4CD1127}
	EndGlobalSection
EndGlobal
